
Microsoft Visual Studio Solution File, Format Version 12.00
# Visual Studio Version 17
VisualStudioVersion = 17.0.32112.339
MinimumVisualStudioVersion = 10.0.40219.1
Project("{FAE04EC0-301F-11D3-BF4B-00C04F79EFBC}") = "RegistroDeClalificacionesExamne", "RegistroDeClalificacionesExamne\RegistroDeClalificacionesExamne.csproj", "{22BCB4DA-1A32-414A-82D1-F4F332FAD7BB}"
EndProject
Global
	GlobalSection(SolutionConfigurationPlatforms) = preSolution
		Debug|Any CPU = Debug|Any CPU
		Release|Any CPU = Release|Any CPU
	EndGlobalSection
	GlobalSection(ProjectConfigurationPlatforms) = postSolution
		{22BCB4DA-1A32-414A-82D1-F4F332FAD7BB}.Debug|Any CPU.ActiveCfg = Debug|Any CPU
		{22BCB4DA-1A32-414A-82D1-F4F332FAD7BB}.Debug|Any CPU.Build.0 = Debug|Any CPU
		{22BCB4DA-1A32-414A-82D1-F4F332FAD7BB}.Release|Any CPU.ActiveCfg = Release|Any CPU
		{22BCB4DA-1A32-414A-82D1-F4F332FAD7BB}.Release|Any CPU.Build.0 = Release|Any CPU
	EndGlobalSection
	GlobalSection(SolutionProperties) = preSolution
		HideSolutionNode = FALSE
	EndGlobalSection
	GlobalSection(ExtensibilityGlobals) = postSolution
		SolutionGuid = {CCDE3041-2097-4E1F-955E-DA9B3D9BA597}
	EndGlobalSection
EndGlobal
