
Microsoft Visual Studio Solution File, Format Version 12.00
# Visual Studio Version 17
VisualStudioVersion = 17.0.32112.339
MinimumVisualStudioVersion = 10.0.40219.1
Project("{FAE04EC0-301F-11D3-BF4B-00C04F79EFBC}") = "TestEstacionamiento", "TestEstacionamiento\TestEstacionamiento.csproj", "{C8A15B65-57D3-409D-91DD-F0A2045AF7DD}"
EndProject
Global
	GlobalSection(SolutionConfigurationPlatforms) = preSolution
		Debug|Any CPU = Debug|Any CPU
		Release|Any CPU = Release|Any CPU
	EndGlobalSection
	GlobalSection(ProjectConfigurationPlatforms) = postSolution
		{C8A15B65-57D3-409D-91DD-F0A2045AF7DD}.Debug|Any CPU.ActiveCfg = Debug|Any CPU
		{C8A15B65-57D3-409D-91DD-F0A2045AF7DD}.Debug|Any CPU.Build.0 = Debug|Any CPU
		{C8A15B65-57D3-409D-91DD-F0A2045AF7DD}.Release|Any CPU.ActiveCfg = Release|Any CPU
		{C8A15B65-57D3-409D-91DD-F0A2045AF7DD}.Release|Any CPU.Build.0 = Release|Any CPU
	EndGlobalSection
	GlobalSection(SolutionProperties) = preSolution
		HideSolutionNode = FALSE
	EndGlobalSection
	GlobalSection(ExtensibilityGlobals) = postSolution
		SolutionGuid = {7BFD0CD5-2015-4BE4-A5C6-EF74A6627CCB}
	EndGlobalSection
EndGlobal
